
Microsoft Visual Studio Solution File, Format Version 12.00
# Visual Studio Version 17
VisualStudioVersion = 17.9.34701.34
MinimumVisualStudioVersion = 10.0.40219.1
Project("{F184B08F-C81C-45F6-A57F-5ABD9991F28F}") = "Inventory Management System", "Inventory Management System.vbproj", "{EE732F5A-8FF4-4EBC-AC7D-C8657CFCA3AB}"
EndProject
Project("{54435603-DBB4-11D2-8724-00A0C9A8B90C}") = "e-Logbook", "..\e-Logbook\e-Logbook.vdproj", "{5B531F95-4511-4CF3-B563-46AA3EB48A2E}"
EndProject
Global
	GlobalSection(SolutionConfigurationPlatforms) = preSolution
		Debug|Any CPU = Debug|Any CPU
		Release|Any CPU = Release|Any CPU
	EndGlobalSection
	GlobalSection(ProjectConfigurationPlatforms) = postSolution
		{EE732F5A-8FF4-4EBC-AC7D-C8657CFCA3AB}.Debug|Any CPU.ActiveCfg = Release|Any CPU
		{EE732F5A-8FF4-4EBC-AC7D-C8657CFCA3AB}.Debug|Any CPU.Build.0 = Release|Any CPU
		{EE732F5A-8FF4-4EBC-AC7D-C8657CFCA3AB}.Release|Any CPU.ActiveCfg = Release|Any CPU
		{EE732F5A-8FF4-4EBC-AC7D-C8657CFCA3AB}.Release|Any CPU.Build.0 = Release|Any CPU
		{5B531F95-4511-4CF3-B563-46AA3EB48A2E}.Debug|Any CPU.ActiveCfg = Release
		{5B531F95-4511-4CF3-B563-46AA3EB48A2E}.Release|Any CPU.ActiveCfg = Release
	EndGlobalSection
	GlobalSection(SolutionProperties) = preSolution
		HideSolutionNode = FALSE
	EndGlobalSection
	GlobalSection(ExtensibilityGlobals) = postSolution
		SolutionGuid = {F750C406-3786-494D-AB2E-5BE6443BDAD8}
	EndGlobalSection
EndGlobal
